github.com/davecgh/go-spew v1.1.1 h1:vj9j/u1bqnvCEfJOwUhtlOARqs3+rkHYY13jYWTU97c=
github.com/davecgh/go-spew v1.1.1/go.mod h1:J7Y8YcW2NihsgmVo/mv3lAwl/skON4iLHjSsI+c5H38=
github.com/kr/pretty v0.2.1 h1:Fmg33tUaq4/8ym9TJN1x7sLJnHVwhP33CNkpYV/7rwI=
github.com/kr/pretty v0.2.1/go.mod h1:ipq/a2n7PKx3OHsz4KJII5eveXtPO4qwEXGdVfWzfnI=
github.com/kr/pty v1.1.1/go.mod h1:pFQYn66WHrOpPYNljwOMqo10TkYh1fy3cYio2l3bCsQ=
github.com/kr/text v0.1.0 h1:45sCR5RtlFHMR4UwH9sdQ5TC8v0qDQCHnXt+kaKSTVE=
github.com/kr/text v0.1.0/go.mod h1:4Jbv+DJW3UT/LiOwJeYQe1efqtUx/iVham/4vfdArNI=
github.com/pmezard/go-difflib v1.0.0 h1:4DBwDE0NGyQoBHbLQYPwSUPoCMWR5BEzIk/f1lZbAQM=
github.com/pmezard/go-difflib v1.0.0/go.mod h1:iKH77koFhYxTK1pcRnkKkqfTogsbg7gZNVY4sRDYZ/4=
github.com/smartmediafiles/media.image v0.0.0-20241006190546-b2362cb653ac h1:0JZv2uq+dxseOcTDC3Bm3YqE8pVz0ZiT3SvrcdWLXLU=
github.com/smartmediafiles/media.image v0.0.0-20241006190546-b2362cb653ac/go.mod h1:XgjIY7NVZPBibBzhZBENBIWoLqiKA/KUZGj9Tr+VGJI=
github.com/smartmediafiles/media.raw v0.0.0-20241006190655-0c9c19a154a5 h1:N66LQz5+Nl2iAcXj62+Rpjysh9d6HGN51ZpLpZluG14=
github.com/smartmediafiles/media.raw v0.0.0-20241006190655-0c9c19a154a5/go.mod h1:xALV3kN9MW8rAB0UabxmGprxt7wimWZbDJ2xn5AOudY=
github.com/smartmediafiles/media.sidecar v0.0.0-20241006190813-8744519017cd h1:qThKI+3psdm3VA9grfm24UiYcAPBoXwThkdunqCbWwk=
github.com/smartmediafiles/media.sidecar v0.0.0-20241006190813-8744519017cd/go.mod h1:f8r4SSjdVkZK031SW1gIrIcL34HpCi2ADfqTdFi+pNM=
github.com/smartmediafiles/media.unknown v0.0.0-20241006190919-245cbee872bc h1:zYBekElEGf3u0ZhZ5LPhNXPDTnGCX5N8qEhMaJVWbRs=
github.com/smartmediafiles/media.unknown v0.0.0-20241006190919-245cbee872bc/go.mod h1:RE9lMk4LzcrJ7G5hLuSBHVI/jfmYSM1nOjVbUw9f2Do=
github.com/smartmediafiles/media.vector v0.0.0-20241006191016-9722d89cbbdb h1:MXBnxw+UB3Id4gD2tZBnEiJLuE6r0tYncarXn8KX30Y=
github.com/smartmediafiles/media.vector v0.0.0-20241006191016-9722d89cbbdb/go.mod h1:MmlrGT8frorUyhlB9NDq/yhCw7vDE5meAGGcnar3deg=
github.com/smartmediafiles/media.video v0.0.0-20241006192008-6256cd9e332e h1:LrR7/ZHc93T4iS9CZCOHjlxhQhjp13cPEWDa554v6D0=
github.com/smartmediafiles/media.video v0.0.0-20241006192008-6256cd9e332e/go.mod h1:2E7UAz9ezdRPfCe546419idbDRZwpy7hA4WZ/Gh46A8=
github.com/stretchr/testify v1.9.0 h1:HtqpIVDClZ4nwg75+f6Lvsy/wHu+3BoSGCbBAcpTsTg=
github.com/stretchr/testify v1.9.0/go.mod h1:r2ic/lqez/lEtzL7wO/rwa5dbSLXVDPFyf8C91i36aY=
gopkg.in/check.v1 v0.0.0-20161208181325-20d25e280405/go.mod h1:Co6ibVJAznAaIkqp8huTwlJQCZ016jof/cbN4VW5Yz0=
gopkg.in/check.v1 v1.0.0-20201130134442-10cb98267c6c h1:Hei/4ADfdWqJk1ZMxUNpqntNwaWcugrBjAiHlqqRiVk=
gopkg.in/check.v1 v1.0.0-20201130134442-10cb98267c6c/go.mod h1:JHkPIbrfpd72SG/EVd6muEfDQjcINNoR0C8j2r3qZ4Q=
gopkg.in/yaml.v3 v3.0.1 h1:fxVm/GzAzEWqLHuvctI91KS9hhNmmWOoWu0XTYJS7CA=
gopkg.in/yaml.v3 v3.0.1/go.mod h1:K4uyk7z7BCEPqu6E+C64Yfv1cQ7kz7rIZviUmN+EgEM=
